
Microsoft Visual Studio Solution File, Format Version 12.00
# Visual Studio Version 16
VisualStudioVersion = 16.0.30523.141
MinimumVisualStudioVersion = 10.0.40219.1
Project("{FAE04EC0-301F-11D3-BF4B-00C04F79EFBC}") = "CsAspChrisR", "CsAspChrisR.csproj", "{B8C150C4-2892-4EDC-9796-5592426D6C10}"
EndProject
Global
	GlobalSection(SolutionConfigurationPlatforms) = preSolution
		Debug|Any CPU = Debug|Any CPU
		Release|Any CPU = Release|Any CPU
	EndGlobalSection
	GlobalSection(ProjectConfigurationPlatforms) = postSolution
		{B8C150C4-2892-4EDC-9796-5592426D6C10}.Debug|Any CPU.ActiveCfg = Debug|Any CPU
		{B8C150C4-2892-4EDC-9796-5592426D6C10}.Debug|Any CPU.Build.0 = Debug|Any CPU
		{B8C150C4-2892-4EDC-9796-5592426D6C10}.Release|Any CPU.ActiveCfg = Release|Any CPU
		{B8C150C4-2892-4EDC-9796-5592426D6C10}.Release|Any CPU.Build.0 = Release|Any CPU
	EndGlobalSection
	GlobalSection(SolutionProperties) = preSolution
		HideSolutionNode = FALSE
	EndGlobalSection
	GlobalSection(ExtensibilityGlobals) = postSolution
		SolutionGuid = {78BC4064-391F-4284-8D76-5C89AEEE05A4}
	EndGlobalSection
EndGlobal
